{
  "name": "perfect-punching",
  "lockfileVersion": 3,
  "requires": true,
  "packages": {
    "": {
      "dependencies": {
        "poly2tri": "^1.5.0"
      }
    },
    "node_modules/poly2tri": {
      "version": "1.5.0",
      "resolved": "https://registry.npmjs.org/poly2tri/-/poly2tri-1.5.0.tgz",
      "integrity": "sha512-5yACqznqRrlFA9RhdWyD2blNPVhlB3qK+iRYJCfHtJGINb+XNBgKTw+pJOsJZ+oaGxFsIyFmOVapuREHnRhXPg==",
      "license": "BSD-3-Clause"
    }
  }
}
